
Microsoft Visual Studio Solution File, Format Version 12.00
# Visual Studio Version 17
VisualStudioVersion = 17.4.33103.184
MinimumVisualStudioVersion = 10.0.40219.1
Project("{9A19103F-16F7-4668-BE54-9A1E7A4F7556}") = "Day01", "Day01\Day01.csproj", "{0F443494-9DE3-4B03-B947-A350A3649DC0}"
EndProject
Project("{9A19103F-16F7-4668-BE54-9A1E7A4F7556}") = "Day02", "Day02\Day02.csproj", "{C37F2479-97FA-45CF-926E-941C7A983788}"
EndProject
Project("{9A19103F-16F7-4668-BE54-9A1E7A4F7556}") = "Day03", "Day03\Day03.csproj", "{80A58950-0DDD-422A-8EAB-ED733F289D81}"
EndProject
Project("{9A19103F-16F7-4668-BE54-9A1E7A4F7556}") = "Day04", "Day04\Day04.csproj", "{7BAA412F-092D-461C-B480-62DEFE9CC86F}"
EndProject
Project("{9A19103F-16F7-4668-BE54-9A1E7A4F7556}") = "Day05", "Day05\Day05.csproj", "{EC05AC1B-EC73-444F-858B-757ED67F99AC}"
EndProject
Project("{9A19103F-16F7-4668-BE54-9A1E7A4F7556}") = "Day06", "Day06\Day06.csproj", "{988547C6-9126-44CA-8747-5D07D47E4A85}"
EndProject
Project("{9A19103F-16F7-4668-BE54-9A1E7A4F7556}") = "Day07", "Day07\Day07.csproj", "{C98818D2-CDA4-4AE7-ABDB-F792AEB97EF3}"
EndProject
Project("{9A19103F-16F7-4668-BE54-9A1E7A4F7556}") = "Day08", "Day08\Day08.csproj", "{50E84AE7-6400-411C-8FE7-20EECAC86386}"
EndProject
Project("{9A19103F-16F7-4668-BE54-9A1E7A4F7556}") = "Day09", "Day09\Day09.csproj", "{1E39D6CA-65CA-47C6-8764-65EB85C75D55}"
EndProject
Project("{9A19103F-16F7-4668-BE54-9A1E7A4F7556}") = "Day10", "Day10\Day10.csproj", "{F0923BEE-1F3F-4F71-9480-8889A40E76BE}"
EndProject
Project("{9A19103F-16F7-4668-BE54-9A1E7A4F7556}") = "Day11", "Day11\Day11.csproj", "{4E113DFA-26E8-4615-9376-6B224492A4FF}"
EndProject
Project("{9A19103F-16F7-4668-BE54-9A1E7A4F7556}") = "Day12", "Day12\Day12.csproj", "{AD3D8E90-D590-4FE1-B6CB-5ACE35AB77BE}"
EndProject
Project("{9A19103F-16F7-4668-BE54-9A1E7A4F7556}") = "Day13", "Day13\Day13.csproj", "{9FC0E97B-CFA8-4FB0-BF1E-BD98BD071FE7}"
EndProject
Project("{9A19103F-16F7-4668-BE54-9A1E7A4F7556}") = "Day14", "Day14\Day14.csproj", "{FB66A496-5F81-4F88-ABDD-7578D5579F69}"
EndProject
Project("{9A19103F-16F7-4668-BE54-9A1E7A4F7556}") = "Day15", "Day15\Day15.csproj", "{41D05658-EB68-4724-9295-0117470BF145}"
EndProject
Project("{9A19103F-16F7-4668-BE54-9A1E7A4F7556}") = "Day16", "Day16\Day16.csproj", "{56A6190A-6F20-4F27-9EB1-E23773D4B300}"
EndProject
Project("{9A19103F-16F7-4668-BE54-9A1E7A4F7556}") = "Day17", "Day17\Day17.csproj", "{BBCD4661-262C-4E1D-9227-16CC0F0AE901}"
EndProject
Project("{9A19103F-16F7-4668-BE54-9A1E7A4F7556}") = "Day18", "Day18\Day18.csproj", "{6B00B87F-D4F2-4AAC-A272-24B592FD0D94}"
EndProject
Project("{9A19103F-16F7-4668-BE54-9A1E7A4F7556}") = "Day19", "Day19\Day19.csproj", "{1F2C52CF-48C3-4BD8-BF79-9BA405FAD814}"
EndProject
Project("{9A19103F-16F7-4668-BE54-9A1E7A4F7556}") = "Day20", "Day20\Day20.csproj", "{483AF533-64F4-4547-8B6C-4ABF773F1272}"
EndProject
Project("{9A19103F-16F7-4668-BE54-9A1E7A4F7556}") = "Day23", "Day23\Day23.csproj", "{2CCA6E2C-CC7F-44E9-A464-F0CFBB6135E7}"
EndProject
Project("{9A19103F-16F7-4668-BE54-9A1E7A4F7556}") = "Day25", "Day25\Day25.csproj", "{7DE4B71F-8863-49D3-BBA8-A17D513F8E1D}"
EndProject
Project("{9A19103F-16F7-4668-BE54-9A1E7A4F7556}") = "Day22", "Day22\Day22.csproj", "{04F7BC3C-A17A-436B-AC42-D95839CD14CF}"
EndProject
Project("{9A19103F-16F7-4668-BE54-9A1E7A4F7556}") = "Day21", "Day21\Day21.csproj", "{E612E204-B2EB-44BA-8115-8BA831106CF1}"
EndProject
Project("{FAE04EC0-301F-11D3-BF4B-00C04F79EFBC}") = "Day24", "Day24\Day24.csproj", "{45CFB8AB-11D0-4B0F-AF72-B57DCA44F2C9}"
EndProject
Global
	GlobalSection(SolutionConfigurationPlatforms) = preSolution
		Debug|Any CPU = Debug|Any CPU
		Release|Any CPU = Release|Any CPU
	EndGlobalSection
	GlobalSection(ProjectConfigurationPlatforms) = postSolution
		{0F443494-9DE3-4B03-B947-A350A3649DC0}.Debug|Any CPU.ActiveCfg = Debug|Any CPU
		{0F443494-9DE3-4B03-B947-A350A3649DC0}.Debug|Any CPU.Build.0 = Debug|Any CPU
		{0F443494-9DE3-4B03-B947-A350A3649DC0}.Release|Any CPU.ActiveCfg = Release|Any CPU
		{0F443494-9DE3-4B03-B947-A350A3649DC0}.Release|Any CPU.Build.0 = Release|Any CPU
		{C37F2479-97FA-45CF-926E-941C7A983788}.Debug|Any CPU.ActiveCfg = Debug|Any CPU
		{C37F2479-97FA-45CF-926E-941C7A983788}.Debug|Any CPU.Build.0 = Debug|Any CPU
		{C37F2479-97FA-45CF-926E-941C7A983788}.Release|Any CPU.ActiveCfg = Release|Any CPU
		{C37F2479-97FA-45CF-926E-941C7A983788}.Release|Any CPU.Build.0 = Release|Any CPU
		{80A58950-0DDD-422A-8EAB-ED733F289D81}.Debug|Any CPU.ActiveCfg = Debug|Any CPU
		{80A58950-0DDD-422A-8EAB-ED733F289D81}.Debug|Any CPU.Build.0 = Debug|Any CPU
		{80A58950-0DDD-422A-8EAB-ED733F289D81}.Release|Any CPU.ActiveCfg = Release|Any CPU
		{80A58950-0DDD-422A-8EAB-ED733F289D81}.Release|Any CPU.Build.0 = Release|Any CPU
		{7BAA412F-092D-461C-B480-62DEFE9CC86F}.Debug|Any CPU.ActiveCfg = Debug|Any CPU
		{7BAA412F-092D-461C-B480-62DEFE9CC86F}.Debug|Any CPU.Build.0 = Debug|Any CPU
		{7BAA412F-092D-461C-B480-62DEFE9CC86F}.Release|Any CPU.ActiveCfg = Release|Any CPU
		{7BAA412F-092D-461C-B480-62DEFE9CC86F}.Release|Any CPU.Build.0 = Release|Any CPU
		{EC05AC1B-EC73-444F-858B-757ED67F99AC}.Debug|Any CPU.ActiveCfg = Debug|Any CPU
		{EC05AC1B-EC73-444F-858B-757ED67F99AC}.Debug|Any CPU.Build.0 = Debug|Any CPU
		{EC05AC1B-EC73-444F-858B-757ED67F99AC}.Release|Any CPU.ActiveCfg = Release|Any CPU
		{EC05AC1B-EC73-444F-858B-757ED67F99AC}.Release|Any CPU.Build.0 = Release|Any CPU
		{988547C6-9126-44CA-8747-5D07D47E4A85}.Debug|Any CPU.ActiveCfg = Debug|Any CPU
		{988547C6-9126-44CA-8747-5D07D47E4A85}.Debug|Any CPU.Build.0 = Debug|Any CPU
		{988547C6-9126-44CA-8747-5D07D47E4A85}.Release|Any CPU.ActiveCfg = Release|Any CPU
		{988547C6-9126-44CA-8747-5D07D47E4A85}.Release|Any CPU.Build.0 = Release|Any CPU
		{C98818D2-CDA4-4AE7-ABDB-F792AEB97EF3}.Debug|Any CPU.ActiveCfg = Debug|Any CPU
		{C98818D2-CDA4-4AE7-ABDB-F792AEB97EF3}.Debug|Any CPU.Build.0 = Debug|Any CPU
		{C98818D2-CDA4-4AE7-ABDB-F792AEB97EF3}.Release|Any CPU.ActiveCfg = Release|Any CPU
		{C98818D2-CDA4-4AE7-ABDB-F792AEB97EF3}.Release|Any CPU.Build.0 = Release|Any CPU
		{50E84AE7-6400-411C-8FE7-20EECAC86386}.Debug|Any CPU.ActiveCfg = Debug|Any CPU
		{50E84AE7-6400-411C-8FE7-20EECAC86386}.Debug|Any CPU.Build.0 = Debug|Any CPU
		{50E84AE7-6400-411C-8FE7-20EECAC86386}.Release|Any CPU.ActiveCfg = Release|Any CPU
		{50E84AE7-6400-411C-8FE7-20EECAC86386}.Release|Any CPU.Build.0 = Release|Any CPU
		{1E39D6CA-65CA-47C6-8764-65EB85C75D55}.Debug|Any CPU.ActiveCfg = Debug|Any CPU
		{1E39D6CA-65CA-47C6-8764-65EB85C75D55}.Debug|Any CPU.Build.0 = Debug|Any CPU
		{1E39D6CA-65CA-47C6-8764-65EB85C75D55}.Release|Any CPU.ActiveCfg = Release|Any CPU
		{1E39D6CA-65CA-47C6-8764-65EB85C75D55}.Release|Any CPU.Build.0 = Release|Any CPU
		{F0923BEE-1F3F-4F71-9480-8889A40E76BE}.Debug|Any CPU.ActiveCfg = Debug|Any CPU
		{F0923BEE-1F3F-4F71-9480-8889A40E76BE}.Debug|Any CPU.Build.0 = Debug|Any CPU
		{F0923BEE-1F3F-4F71-9480-8889A40E76BE}.Release|Any CPU.ActiveCfg = Release|Any CPU
		{F0923BEE-1F3F-4F71-9480-8889A40E76BE}.Release|Any CPU.Build.0 = Release|Any CPU
		{4E113DFA-26E8-4615-9376-6B224492A4FF}.Debug|Any CPU.ActiveCfg = Debug|Any CPU
		{4E113DFA-26E8-4615-9376-6B224492A4FF}.Debug|Any CPU.Build.0 = Debug|Any CPU
		{4E113DFA-26E8-4615-9376-6B224492A4FF}.Release|Any CPU.ActiveCfg = Release|Any CPU
		{4E113DFA-26E8-4615-9376-6B224492A4FF}.Release|Any CPU.Build.0 = Release|Any CPU
		{AD3D8E90-D590-4FE1-B6CB-5ACE35AB77BE}.Debug|Any CPU.ActiveCfg = Debug|Any CPU
		{AD3D8E90-D590-4FE1-B6CB-5ACE35AB77BE}.Debug|Any CPU.Build.0 = Debug|Any CPU
		{AD3D8E90-D590-4FE1-B6CB-5ACE35AB77BE}.Release|Any CPU.ActiveCfg = Release|Any CPU
		{AD3D8E90-D590-4FE1-B6CB-5ACE35AB77BE}.Release|Any CPU.Build.0 = Release|Any CPU
		{9FC0E97B-CFA8-4FB0-BF1E-BD98BD071FE7}.Debug|Any CPU.ActiveCfg = Debug|Any CPU
		{9FC0E97B-CFA8-4FB0-BF1E-BD98BD071FE7}.Debug|Any CPU.Build.0 = Debug|Any CPU
		{9FC0E97B-CFA8-4FB0-BF1E-BD98BD071FE7}.Release|Any CPU.ActiveCfg = Release|Any CPU
		{9FC0E97B-CFA8-4FB0-BF1E-BD98BD071FE7}.Release|Any CPU.Build.0 = Release|Any CPU
		{FB66A496-5F81-4F88-ABDD-7578D5579F69}.Debug|Any CPU.ActiveCfg = Debug|Any CPU
		{FB66A496-5F81-4F88-ABDD-7578D5579F69}.Debug|Any CPU.Build.0 = Debug|Any CPU
		{FB66A496-5F81-4F88-ABDD-7578D5579F69}.Release|Any CPU.ActiveCfg = Release|Any CPU
		{FB66A496-5F81-4F88-ABDD-7578D5579F69}.Release|Any CPU.Build.0 = Release|Any CPU
		{41D05658-EB68-4724-9295-0117470BF145}.Debug|Any CPU.ActiveCfg = Debug|Any CPU
		{41D05658-EB68-4724-9295-0117470BF145}.Debug|Any CPU.Build.0 = Debug|Any CPU
		{41D05658-EB68-4724-9295-0117470BF145}.Release|Any CPU.ActiveCfg = Release|Any CPU
		{41D05658-EB68-4724-9295-0117470BF145}.Release|Any CPU.Build.0 = Release|Any CPU
		{56A6190A-6F20-4F27-9EB1-E23773D4B300}.Debug|Any CPU.ActiveCfg = Debug|Any CPU
		{56A6190A-6F20-4F27-9EB1-E23773D4B300}.Debug|Any CPU.Build.0 = Debug|Any CPU
		{56A6190A-6F20-4F27-9EB1-E23773D4B300}.Release|Any CPU.ActiveCfg = Release|Any CPU
		{56A6190A-6F20-4F27-9EB1-E23773D4B300}.Release|Any CPU.Build.0 = Release|Any CPU
		{BBCD4661-262C-4E1D-9227-16CC0F0AE901}.Debug|Any CPU.ActiveCfg = Debug|Any CPU
		{BBCD4661-262C-4E1D-9227-16CC0F0AE901}.Debug|Any CPU.Build.0 = Debug|Any CPU
		{BBCD4661-262C-4E1D-9227-16CC0F0AE901}.Release|Any CPU.ActiveCfg = Release|Any CPU
		{BBCD4661-262C-4E1D-9227-16CC0F0AE901}.Release|Any CPU.Build.0 = Release|Any CPU
		{6B00B87F-D4F2-4AAC-A272-24B592FD0D94}.Debug|Any CPU.ActiveCfg = Debug|Any CPU
		{6B00B87F-D4F2-4AAC-A272-24B592FD0D94}.Debug|Any CPU.Build.0 = Debug|Any CPU
		{6B00B87F-D4F2-4AAC-A272-24B592FD0D94}.Release|Any CPU.ActiveCfg = Release|Any CPU
		{6B00B87F-D4F2-4AAC-A272-24B592FD0D94}.Release|Any CPU.Build.0 = Release|Any CPU
		{1F2C52CF-48C3-4BD8-BF79-9BA405FAD814}.Debug|Any CPU.ActiveCfg = Debug|Any CPU
		{1F2C52CF-48C3-4BD8-BF79-9BA405FAD814}.Debug|Any CPU.Build.0 = Debug|Any CPU
		{1F2C52CF-48C3-4BD8-BF79-9BA405FAD814}.Release|Any CPU.ActiveCfg = Release|Any CPU
		{1F2C52CF-48C3-4BD8-BF79-9BA405FAD814}.Release|Any CPU.Build.0 = Release|Any CPU
		{483AF533-64F4-4547-8B6C-4ABF773F1272}.Debug|Any CPU.ActiveCfg = Debug|Any CPU
		{483AF533-64F4-4547-8B6C-4ABF773F1272}.Debug|Any CPU.Build.0 = Debug|Any CPU
		{483AF533-64F4-4547-8B6C-4ABF773F1272}.Release|Any CPU.ActiveCfg = Release|Any CPU
		{483AF533-64F4-4547-8B6C-4ABF773F1272}.Release|Any CPU.Build.0 = Release|Any CPU
		{2CCA6E2C-CC7F-44E9-A464-F0CFBB6135E7}.Debug|Any CPU.ActiveCfg = Debug|Any CPU
		{2CCA6E2C-CC7F-44E9-A464-F0CFBB6135E7}.Debug|Any CPU.Build.0 = Debug|Any CPU
		{2CCA6E2C-CC7F-44E9-A464-F0CFBB6135E7}.Release|Any CPU.ActiveCfg = Release|Any CPU
		{2CCA6E2C-CC7F-44E9-A464-F0CFBB6135E7}.Release|Any CPU.Build.0 = Release|Any CPU
		{7DE4B71F-8863-49D3-BBA8-A17D513F8E1D}.Debug|Any CPU.ActiveCfg = Debug|Any CPU
		{7DE4B71F-8863-49D3-BBA8-A17D513F8E1D}.Debug|Any CPU.Build.0 = Debug|Any CPU
		{7DE4B71F-8863-49D3-BBA8-A17D513F8E1D}.Release|Any CPU.ActiveCfg = Release|Any CPU
		{7DE4B71F-8863-49D3-BBA8-A17D513F8E1D}.Release|Any CPU.Build.0 = Release|Any CPU
		{04F7BC3C-A17A-436B-AC42-D95839CD14CF}.Debug|Any CPU.ActiveCfg = Debug|Any CPU
		{04F7BC3C-A17A-436B-AC42-D95839CD14CF}.Debug|Any CPU.Build.0 = Debug|Any CPU
		{04F7BC3C-A17A-436B-AC42-D95839CD14CF}.Release|Any CPU.ActiveCfg = Release|Any CPU
		{04F7BC3C-A17A-436B-AC42-D95839CD14CF}.Release|Any CPU.Build.0 = Release|Any CPU
		{E612E204-B2EB-44BA-8115-8BA831106CF1}.Debug|Any CPU.ActiveCfg = Debug|Any CPU
		{E612E204-B2EB-44BA-8115-8BA831106CF1}.Debug|Any CPU.Build.0 = Debug|Any CPU
		{E612E204-B2EB-44BA-8115-8BA831106CF1}.Release|Any CPU.ActiveCfg = Release|Any CPU
		{E612E204-B2EB-44BA-8115-8BA831106CF1}.Release|Any CPU.Build.0 = Release|Any CPU
		{45CFB8AB-11D0-4B0F-AF72-B57DCA44F2C9}.Debug|Any CPU.ActiveCfg = Debug|Any CPU
		{45CFB8AB-11D0-4B0F-AF72-B57DCA44F2C9}.Debug|Any CPU.Build.0 = Debug|Any CPU
		{45CFB8AB-11D0-4B0F-AF72-B57DCA44F2C9}.Release|Any CPU.ActiveCfg = Release|Any CPU
		{45CFB8AB-11D0-4B0F-AF72-B57DCA44F2C9}.Release|Any CPU.Build.0 = Release|Any CPU
	EndGlobalSection
	GlobalSection(SolutionProperties) = preSolution
		HideSolutionNode = FALSE
	EndGlobalSection
	GlobalSection(ExtensibilityGlobals) = postSolution
		SolutionGuid = {61EDF3F9-707F-47E0-83B8-34685ADF7787}
	EndGlobalSection
EndGlobal
